
Microsoft Visual Studio Solution File, Format Version 12.00
# Visual Studio Version 17
VisualStudioVersion = 17.5.002.0
MinimumVisualStudioVersion = 10.0.40219.1
Project("{9A19103F-16F7-4668-BE54-9A1E7A4F7556}") = "fake", "fake\fake.csproj", "{FCEBA25B-6B41-45E4-911D-CE6ECA80DED4}"
EndProject
Project("{9A19103F-16F7-4668-BE54-9A1E7A4F7556}") = "server", "server\server.csproj", "{3B483AAE-02FB-47C2-B2A2-29514BBF1E29}"
EndProject
Global
	GlobalSection(SolutionConfigurationPlatforms) = preSolution
		Debug|Any CPU = Debug|Any CPU
		Release|Any CPU = Release|Any CPU
	EndGlobalSection
	GlobalSection(ProjectConfigurationPlatforms) = postSolution
		{FCEBA25B-6B41-45E4-911D-CE6ECA80DED4}.Debug|Any CPU.ActiveCfg = Debug|Any CPU
		{FCEBA25B-6B41-45E4-911D-CE6ECA80DED4}.Debug|Any CPU.Build.0 = Debug|Any CPU
		{FCEBA25B-6B41-45E4-911D-CE6ECA80DED4}.Release|Any CPU.ActiveCfg = Release|Any CPU
		{FCEBA25B-6B41-45E4-911D-CE6ECA80DED4}.Release|Any CPU.Build.0 = Release|Any CPU
		{3B483AAE-02FB-47C2-B2A2-29514BBF1E29}.Debug|Any CPU.ActiveCfg = Debug|Any CPU
		{3B483AAE-02FB-47C2-B2A2-29514BBF1E29}.Debug|Any CPU.Build.0 = Debug|Any CPU
		{3B483AAE-02FB-47C2-B2A2-29514BBF1E29}.Release|Any CPU.ActiveCfg = Release|Any CPU
		{3B483AAE-02FB-47C2-B2A2-29514BBF1E29}.Release|Any CPU.Build.0 = Release|Any CPU
	EndGlobalSection
	GlobalSection(SolutionProperties) = preSolution
		HideSolutionNode = FALSE
	EndGlobalSection
	GlobalSection(ExtensibilityGlobals) = postSolution
		SolutionGuid = {E699FAAD-3D11-4110-AF68-457DF78BBF24}
	EndGlobalSection
EndGlobal
